
Microsoft Visual Studio Solution File, Format Version 12.00
# Visual Studio Version 17
VisualStudioVersion = 17.10.35122.118
MinimumVisualStudioVersion = 10.0.40219.1
Project("{FAE04EC0-301F-11D3-BF4B-00C04F79EFBC}") = "CrossoutLogadon", "CrossoutLogadon\CrossoutLogadon.csproj", "{9231B5EB-E489-4D27-961A-2A793C7B6280}"
EndProject
Global
	GlobalSection(SolutionConfigurationPlatforms) = preSolution
		Debug|Any CPU = Debug|Any CPU
		Release|Any CPU = Release|Any CPU
	EndGlobalSection
	GlobalSection(ProjectConfigurationPlatforms) = postSolution
		{9231B5EB-E489-4D27-961A-2A793C7B6280}.Debug|Any CPU.ActiveCfg = Debug|Any CPU
		{9231B5EB-E489-4D27-961A-2A793C7B6280}.Debug|Any CPU.Build.0 = Debug|Any CPU
		{9231B5EB-E489-4D27-961A-2A793C7B6280}.Release|Any CPU.ActiveCfg = Release|Any CPU
		{9231B5EB-E489-4D27-961A-2A793C7B6280}.Release|Any CPU.Build.0 = Release|Any CPU
	EndGlobalSection
	GlobalSection(SolutionProperties) = preSolution
		HideSolutionNode = FALSE
	EndGlobalSection
	GlobalSection(ExtensibilityGlobals) = postSolution
		SolutionGuid = {967D3751-E0A7-471D-8667-7131887FAE88}
	EndGlobalSection
EndGlobal
